# This file may be used to create an environment using:
# $ conda create --name <env> --file <this file>
# platform: linux-64
@EXPLICIT
https://conda.anaconda.org/conda-forge/linux-64/_libgcc_mutex-0.1-conda_forge.tar.bz2
https://conda.anaconda.org/conda-forge/linux-64/ca-certificates-2021.10.8-ha878542_0.tar.bz2
https://conda.anaconda.org/conda-forge/noarch/font-ttf-dejavu-sans-mono-2.37-hab24e00_0.tar.bz2
https://conda.anaconda.org/conda-forge/noarch/font-ttf-inconsolata-3.000-h77eed37_0.tar.bz2
https://conda.anaconda.org/conda-forge/noarch/font-ttf-source-code-pro-2.038-h77eed37_0.tar.bz2
https://conda.anaconda.org/conda-forge/noarch/font-ttf-ubuntu-0.83-hab24e00_0.tar.bz2
https://conda.anaconda.org/conda-forge/linux-64/ld_impl_linux-64-2.36.1-hea4e1c9_2.tar.bz2
https://conda.anaconda.org/conda-forge/linux-64/libgfortran5-11.2.0-h5c6108e_11.tar.bz2
https://conda.anaconda.org/conda-forge/linux-64/libstdcxx-ng-11.2.0-he4da1e4_11.tar.bz2
https://conda.anaconda.org/conda-forge/linux-64/pandoc-2.16.1-h7f98852_0.tar.bz2
https://conda.anaconda.org/conda-forge/noarch/poppler-data-0.4.11-hd8ed1ab_0.tar.bz2
https://conda.anaconda.org/conda-forge/noarch/tzdata-2021e-he74cb21_0.tar.bz2
https://conda.anaconda.org/conda-forge/noarch/fonts-conda-forge-1-0.tar.bz2
https://conda.anaconda.org/conda-forge/linux-64/libgfortran-ng-11.2.0-h69a702a_11.tar.bz2
https://conda.anaconda.org/conda-forge/linux-64/libgomp-11.2.0-h1d223b6_11.tar.bz2
https://conda.anaconda.org/conda-forge/linux-64/_openmp_mutex-4.5-1_gnu.tar.bz2
https://conda.anaconda.org/conda-forge/noarch/fonts-conda-ecosystem-1-0.tar.bz2
https://conda.anaconda.org/conda-forge/linux-64/libgcc-ng-11.2.0-h1d223b6_11.tar.bz2
https://conda.anaconda.org/conda-forge/linux-64/abseil-cpp-20210324.2-h9c3ff4c_0.tar.bz2
https://conda.anaconda.org/conda-forge/linux-64/aws-c-common-0.6.17-h7f98852_0.tar.bz2
https://conda.anaconda.org/conda-forge/linux-64/blosc-1.21.0-h9c3ff4c_0.tar.bz2
https://conda.anaconda.org/conda-forge/linux-64/bzip2-1.0.8-h7f98852_4.tar.bz2
https://conda.anaconda.org/conda-forge/linux-64/c-ares-1.18.1-h7f98852_0.tar.bz2
https://conda.anaconda.org/conda-forge/linux-64/charls-2.2.0-h9c3ff4c_0.tar.bz2
https://conda.anaconda.org/conda-forge/linux-64/expat-2.4.1-h9c3ff4c_0.tar.bz2
https://conda.anaconda.org/conda-forge/linux-64/freexl-1.0.6-h7f98852_0.tar.bz2
https://conda.anaconda.org/conda-forge/linux-64/geos-3.10.1-h9c3ff4c_1.tar.bz2
https://conda.anaconda.org/conda-forge/linux-64/gflags-2.2.2-he1b5a44_1004.tar.bz2
https://conda.anaconda.org/conda-forge/linux-64/giflib-5.2.1-h516909a_2.tar.bz2
https://conda.anaconda.org/conda-forge/linux-64/icu-69.1-h9c3ff4c_0.tar.bz2
https://conda.anaconda.org/conda-forge/linux-64/jbig-2.1-h7f98852_2003.tar.bz2
https://conda.anaconda.org/conda-forge/linux-64/jpeg-9d-h516909a_0.tar.bz2
https://conda.anaconda.org/conda-forge/linux-64/json-c-0.15-h98cffda_0.tar.bz2
https://conda.anaconda.org/conda-forge/linux-64/jxrlib-1.1-h516909a_2.tar.bz2
https://conda.anaconda.org/conda-forge/linux-64/lerc-3.0-h9c3ff4c_0.tar.bz2
https://conda.anaconda.org/conda-forge/linux-64/libaec-1.0.6-h9c3ff4c_0.tar.bz2
https://conda.anaconda.org/conda-forge/linux-64/libbrotlicommon-1.0.9-h7f98852_6.tar.bz2
https://conda.anaconda.org/conda-forge/linux-64/libcrc32c-1.1.2-h9c3ff4c_0.tar.bz2
https://conda.anaconda.org/conda-forge/linux-64/libdeflate-1.8-h7f98852_0.tar.bz2
https://conda.anaconda.org/conda-forge/linux-64/libev-4.33-h516909a_1.tar.bz2
https://conda.anaconda.org/conda-forge/linux-64/libffi-3.4.2-h7f98852_5.tar.bz2
https://conda.anaconda.org/conda-forge/linux-64/libiconv-1.16-h516909a_0.tar.bz2
https://conda.anaconda.org/conda-forge/linux-64/libnsl-2.0.0-h7f98852_0.tar.bz2
https://conda.anaconda.org/conda-forge/linux-64/libopenblas-0.3.18-pthreads_h8fe5266_0.tar.bz2
https://conda.anaconda.org/conda-forge/linux-64/libsodium-1.0.18-h36c2ea0_1.tar.bz2
https://conda.anaconda.org/conda-forge/linux-64/libspatialindex-1.9.3-h9c3ff4c_4.tar.bz2
https://conda.anaconda.org/conda-forge/linux-64/libutf8proc-2.6.1-h7f98852_0.tar.bz2
https://conda.anaconda.org/conda-forge/linux-64/libuuid-2.32.1-h14c3975_1000.tar.bz2
https://conda.anaconda.org/conda-forge/linux-64/libuv-1.42.0-h7f98852_0.tar.bz2
https://conda.anaconda.org/conda-forge/linux-64/libwebp-base-1.2.1-h7f98852_0.tar.bz2
https://repo.anaconda.com/pkgs/main/linux-64/libxcb-1.14-h7b6447c_0.conda
https://conda.anaconda.org/conda-forge/linux-64/libzlib-1.2.11-h36c2ea0_1013.tar.bz2
https://conda.anaconda.org/conda-forge/linux-64/libzopfli-1.0.3-he1b5a44_0.tar.bz2
https://conda.anaconda.org/conda-forge/linux-64/lz4-c-1.9.3-h9c3ff4c_1.tar.bz2
https://conda.anaconda.org/conda-forge/linux-64/ncurses-6.2-h58526e2_4.tar.bz2
https://conda.anaconda.org/conda-forge/linux-64/nspr-4.32-h9c3ff4c_1.tar.bz2
https://conda.anaconda.org/conda-forge/linux-64/openssl-1.1.1l-h7f98852_0.tar.bz2
https://conda.anaconda.org/conda-forge/linux-64/pcre-8.45-h9c3ff4c_0.tar.bz2
https://conda.anaconda.org/conda-forge/linux-64/perl-5.32.1-1_h7f98852_perl5.tar.bz2
https://conda.anaconda.org/conda-forge/linux-64/pixman-0.40.0-h36c2ea0_0.tar.bz2
https://conda.anaconda.org/conda-forge/linux-64/re2-2021.11.01-h9c3ff4c_0.tar.bz2
https://conda.anaconda.org/conda-forge/linux-64/snappy-1.1.8-he1b5a44_3.tar.bz2
https://conda.anaconda.org/conda-forge/linux-64/tzcode-2021e-h7f98852_0.tar.bz2
https://conda.anaconda.org/conda-forge/linux-64/xorg-kbproto-1.0.7-h14c3975_1002.tar.bz2
https://conda.anaconda.org/conda-forge/linux-64/xorg-libice-1.0.10-h516909a_0.tar.bz2
https://conda.anaconda.org/conda-forge/linux-64/xorg-renderproto-0.11.1-h14c3975_1002.tar.bz2
https://conda.anaconda.org/conda-forge/linux-64/xorg-xextproto-7.3.0-h14c3975_1002.tar.bz2
https://conda.anaconda.org/conda-forge/linux-64/xorg-xproto-7.0.31-h14c3975_1007.tar.bz2
https://conda.anaconda.org/conda-forge/linux-64/xz-5.2.5-h516909a_1.tar.bz2
https://conda.anaconda.org/conda-forge/linux-64/yaml-0.2.5-h516909a_0.tar.bz2
https://conda.anaconda.org/conda-forge/linux-64/zfp-0.5.5-h9c3ff4c_8.tar.bz2
https://conda.anaconda.org/conda-forge/linux-64/aws-c-cal-0.5.12-h70efedd_7.tar.bz2
https://conda.anaconda.org/conda-forge/linux-64/aws-c-compression-0.2.14-h7c7754b_7.tar.bz2
https://conda.anaconda.org/conda-forge/linux-64/aws-c-sdkutils-0.1.1-h7c7754b_4.tar.bz2
https://conda.anaconda.org/conda-forge/linux-64/aws-checksums-0.1.12-h7c7754b_6.tar.bz2
https://conda.anaconda.org/conda-forge/linux-64/glog-0.5.0-h48cff8f_0.tar.bz2
https://conda.anaconda.org/conda-forge/linux-64/libblas-3.9.0-12_linux64_openblas.tar.bz2
https://conda.anaconda.org/conda-forge/linux-64/libbrotlidec-1.0.9-h7f98852_6.tar.bz2
https://conda.anaconda.org/conda-forge/linux-64/libbrotlienc-1.0.9-h7f98852_6.tar.bz2
https://conda.anaconda.org/conda-forge/linux-64/libedit-3.1.20191231-he28a2e2_2.tar.bz2
https://conda.anaconda.org/conda-forge/linux-64/libevent-2.1.10-h9b69904_4.tar.bz2
https://conda.anaconda.org/conda-forge/linux-64/librttopo-1.1.0-h30b5eef_8.tar.bz2
https://conda.anaconda.org/conda-forge/linux-64/parallel-20211022-ha770c72_0.tar.bz2
https://conda.anaconda.org/conda-forge/linux-64/readline-8.1-h46c0cb4_0.tar.bz2
https://conda.anaconda.org/conda-forge/linux-64/s2n-1.3.0-h9b69904_0.tar.bz2
https://conda.anaconda.org/conda-forge/linux-64/xerces-c-3.2.3-h8ce2273_4.tar.bz2
https://conda.anaconda.org/conda-forge/linux-64/xorg-libsm-1.2.3-hd9c2040_1000.tar.bz2
https://conda.anaconda.org/conda-forge/linux-64/xorg-libx11-1.7.2-h7f98852_0.tar.bz2
https://conda.anaconda.org/conda-forge/linux-64/zeromq-4.3.4-h9c3ff4c_1.tar.bz2
https://conda.anaconda.org/conda-forge/linux-64/zlib-1.2.11-h36c2ea0_1013.tar.bz2
https://conda.anaconda.org/conda-forge/linux-64/aws-c-io-0.10.13-he836878_5.tar.bz2
https://conda.anaconda.org/conda-forge/linux-64/brotli-bin-1.0.9-h7f98852_6.tar.bz2
https://conda.anaconda.org/conda-forge/linux-64/hdf4-4.2.15-h10796ff_3.tar.bz2
https://conda.anaconda.org/conda-forge/linux-64/libcblas-3.9.0-12_linux64_openblas.tar.bz2
https://conda.anaconda.org/conda-forge/linux-64/liblapack-3.9.0-12_linux64_openblas.tar.bz2
https://conda.anaconda.org/conda-forge/linux-64/libllvm10-10.0.1-he513fc3_3.tar.bz2
https://conda.anaconda.org/conda-forge/linux-64/libnghttp2-1.43.0-h812cca2_1.tar.bz2
https://conda.anaconda.org/conda-forge/linux-64/libpng-1.6.37-hed695b0_2.tar.bz2
https://conda.anaconda.org/conda-forge/linux-64/libprotobuf-3.18.1-h780b84a_0.tar.bz2
https://conda.anaconda.org/conda-forge/linux-64/libssh2-1.10.0-ha56f1ee_2.tar.bz2
https://conda.anaconda.org/conda-forge/linux-64/libthrift-0.15.0-he6d91bd_1.tar.bz2
https://conda.anaconda.org/conda-forge/linux-64/libxml2-2.9.12-h885dcf4_1.tar.bz2
https://conda.anaconda.org/conda-forge/linux-64/libzip-1.8.0-h4de3113_1.tar.bz2
https://conda.anaconda.org/conda-forge/linux-64/nodejs-17.1.0-h8ca31f7_1.tar.bz2
https://conda.anaconda.org/conda-forge/linux-64/sqlite-3.37.0-h9cd32fc_0.tar.bz2
https://conda.anaconda.org/conda-forge/linux-64/tk-8.6.11-h27826a3_1.tar.bz2
https://conda.anaconda.org/conda-forge/linux-64/xorg-libxext-1.3.4-h7f98852_1.tar.bz2
https://conda.anaconda.org/conda-forge/linux-64/xorg-libxrender-0.9.10-h7f98852_1003.tar.bz2
https://conda.anaconda.org/conda-forge/linux-64/zstd-1.5.0-ha95c52a_0.tar.bz2
https://conda.anaconda.org/conda-forge/linux-64/aws-c-event-stream-0.2.7-hb80ed28_31.tar.bz2
https://conda.anaconda.org/conda-forge/linux-64/aws-c-http-0.6.10-h58a30cf_2.tar.bz2
https://conda.anaconda.org/conda-forge/linux-64/boost-cpp-1.74.0-h359cf19_5.tar.bz2
https://conda.anaconda.org/conda-forge/linux-64/brotli-1.0.9-h7f98852_6.tar.bz2
https://conda.anaconda.org/conda-forge/linux-64/c-blosc2-2.0.4-h5f21a17_1.tar.bz2
https://repo.anaconda.com/pkgs/main/linux-64/freetype-2.11.0-h70c0345_0.conda
https://repo.anaconda.com/pkgs/main/linux-64/gettext-0.21.0-hf68c758_0.conda
https://conda.anaconda.org/conda-forge/linux-64/grpc-cpp-1.42.0-h7e358d9_0.tar.bz2
https://conda.anaconda.org/conda-forge/linux-64/krb5-1.19.2-hcc1bbae_3.tar.bz2
https://conda.anaconda.org/conda-forge/linux-64/libtiff-4.3.0-h6f004c6_2.tar.bz2
https://conda.anaconda.org/conda-forge/linux-64/nss-3.73-hb5efdd6_0.tar.bz2
https://conda.anaconda.org/conda-forge/linux-64/orc-1.7.1-h68e2c4e_0.tar.bz2
https://conda.anaconda.org/conda-forge/linux-64/python-3.9.7-hb7a2778_3_cpython.tar.bz2
https://conda.anaconda.org/conda-forge/noarch/affine-2.3.0-py_0.tar.bz2
https://conda.anaconda.org/conda-forge/noarch/appdirs-1.4.4-pyh9f0ad1d_0.tar.bz2
https://conda.anaconda.org/conda-forge/noarch/asciitree-0.3.3-py_2.tar.bz2
https://conda.anaconda.org/conda-forge/noarch/async_generator-1.10-py_0.tar.bz2
https://conda.anaconda.org/conda-forge/noarch/attrs-21.2.0-pyhd8ed1ab_0.tar.bz2
https://conda.anaconda.org/conda-forge/linux-64/aws-c-auth-0.6.8-hfef2836_0.tar.bz2
https://conda.anaconda.org/conda-forge/linux-64/aws-c-mqtt-0.7.9-h042a236_0.tar.bz2
https://conda.anaconda.org/conda-forge/noarch/backcall-0.2.0-pyh9f0ad1d_0.tar.bz2
https://conda.anaconda.org/conda-forge/noarch/backports-1.0-py_2.tar.bz2
https://conda.anaconda.org/conda-forge/noarch/blinker-1.4-py_1.tar.bz2
https://conda.anaconda.org/conda-forge/linux-64/brunsli-0.1-he1b5a44_0.tar.bz2
https://conda.anaconda.org/conda-forge/noarch/cached_property-1.5.2-pyha770c72_1.tar.bz2
https://conda.anaconda.org/conda-forge/noarch/cachetools-4.2.4-pyhd8ed1ab_0.tar.bz2
https://conda.anaconda.org/conda-forge/noarch/charset-normalizer-2.0.0-pyhd8ed1ab_0.tar.bz2
https://conda.anaconda.org/conda-forge/noarch/click-7.1.2-pyh9f0ad1d_0.tar.bz2
https://conda.anaconda.org/conda-forge/noarch/cloudpickle-2.0.0-pyhd8ed1ab_0.tar.bz2
https://conda.anaconda.org/conda-forge/noarch/colorama-0.4.4-pyh9f0ad1d_0.tar.bz2
https://conda.anaconda.org/conda-forge/noarch/cycler-0.11.0-pyhd8ed1ab_0.tar.bz2
https://conda.anaconda.org/conda-forge/noarch/decorator-5.1.0-pyhd8ed1ab_0.tar.bz2
https://conda.anaconda.org/conda-forge/noarch/defusedxml-0.7.1-pyhd8ed1ab_0.tar.bz2
https://conda.anaconda.org/conda-forge/noarch/entrypoints-0.3-pyhd8ed1ab_1003.tar.bz2
https://conda.anaconda.org/conda-forge/linux-64/fontconfig-2.13.1-hba837de_1005.tar.bz2
https://conda.anaconda.org/conda-forge/noarch/fsspec-2021.11.1-pyhd8ed1ab_0.tar.bz2
https://conda.anaconda.org/conda-forge/noarch/geographiclib-1.52-pyhd8ed1ab_0.tar.bz2
https://conda.anaconda.org/conda-forge/noarch/geojson-2.5.0-py_0.tar.bz2
https://conda.anaconda.org/conda-forge/noarch/heapdict-1.0.1-py_0.tar.bz2
https://conda.anaconda.org/conda-forge/noarch/idna-3.1-pyhd3deb0d_0.tar.bz2
https://conda.anaconda.org/conda-forge/noarch/ipython_genutils-0.2.0-py_1.tar.bz2
https://conda.anaconda.org/conda-forge/noarch/jmespath-0.10.0-pyh9f0ad1d_0.tar.bz2
https://conda.anaconda.org/conda-forge/noarch/json5-0.9.5-pyh9f0ad1d_0.tar.bz2
https://conda.anaconda.org/conda-forge/noarch/jupyterlab_widgets-1.0.2-pyhd8ed1ab_0.tar.bz2
https://conda.anaconda.org/conda-forge/linux-64/lcms2-2.12-hddcbb42_0.tar.bz2
https://conda.anaconda.org/conda-forge/linux-64/libcurl-7.80.0-h2574ce0_0.tar.bz2
https://conda.anaconda.org/conda-forge/linux-64/libglib-2.70.2-h174f98d_0.tar.bz2
https://conda.anaconda.org/conda-forge/linux-64/libkml-1.3.0-h238a007_1014.tar.bz2
https://conda.anaconda.org/conda-forge/linux-64/libpq-14.1-hd57d9b9_1.tar.bz2
https://repo.anaconda.com/pkgs/main/linux-64/locket-0.2.1-py39h06a4308_1.conda
https://conda.anaconda.org/conda-forge/noarch/munkres-1.1.4-pyh9f0ad1d_0.tar.bz2
https://conda.anaconda.org/conda-forge/noarch/nest-asyncio-1.5.1-pyhd8ed1ab_0.tar.bz2
https://conda.anaconda.org/conda-forge/noarch/olefile-0.46-pyh9f0ad1d_1.tar.bz2
https://conda.anaconda.org/conda-forge/linux-64/openjpeg-2.4.0-hb52868f_1.tar.bz2
https://conda.anaconda.org/conda-forge/noarch/pamela-1.0.0-py_0.tar.bz2
https://conda.anaconda.org/conda-forge/noarch/pandocfilters-1.5.0-pyhd8ed1ab_0.tar.bz2
https://conda.anaconda.org/conda-forge/noarch/param-1.12.0-pyh6c4a22f_0.tar.bz2
https://conda.anaconda.org/conda-forge/noarch/parso-0.8.2-pyhd8ed1ab_0.tar.bz2
https://conda.anaconda.org/conda-forge/noarch/pickleshare-0.7.5-py_1003.tar.bz2
https://conda.anaconda.org/conda-forge/noarch/prometheus_client-0.12.0-pyhd8ed1ab_0.tar.bz2
https://conda.anaconda.org/conda-forge/noarch/ptyprocess-0.7.0-pyhd3deb0d_0.tar.bz2
https://conda.anaconda.org/conda-forge/noarch/pyasn1-0.4.8-py_0.tar.bz2
https://conda.anaconda.org/conda-forge/noarch/pycparser-2.21-pyhd8ed1ab_0.tar.bz2
https://conda.anaconda.org/conda-forge/noarch/pyjwt-2.3.0-pyhd8ed1ab_0.tar.bz2
https://conda.anaconda.org/conda-forge/noarch/pyparsing-3.0.6-pyhd8ed1ab_0.tar.bz2
https://conda.anaconda.org/conda-forge/noarch/pyshp-2.1.3-pyh44b312d_0.tar.bz2
https://conda.anaconda.org/conda-forge/noarch/python-json-logger-2.0.1-pyh9f0ad1d_0.tar.bz2
https://conda.anaconda.org/conda-forge/linux-64/python_abi-3.9-2_cp39.tar.bz2
https://conda.anaconda.org/conda-forge/noarch/pytz-2021.3-pyhd8ed1ab_0.tar.bz2
https://conda.anaconda.org/conda-forge/noarch/send2trash-1.8.0-pyhd8ed1ab_0.tar.bz2
https://conda.anaconda.org/conda-forge/noarch/simpervisor-0.4-pyhd8ed1ab_0.tar.bz2
https://conda.anaconda.org/conda-forge/noarch/six-1.16.0-pyh6c4a22f_0.tar.bz2
https://conda.anaconda.org/conda-forge/noarch/sortedcontainers-2.4.0-pyhd8ed1ab_0.tar.bz2
https://conda.anaconda.org/conda-forge/noarch/tblib-1.7.0-pyhd8ed1ab_0.tar.bz2
https://conda.anaconda.org/conda-forge/noarch/testpath-0.5.0-pyhd8ed1ab_0.tar.bz2
https://conda.anaconda.org/conda-forge/noarch/threadpoolctl-3.0.0-pyh8a188c0_0.tar.bz2
https://conda.anaconda.org/conda-forge/noarch/toolz-0.11.2-pyhd8ed1ab_0.tar.bz2
https://conda.anaconda.org/conda-forge/noarch/traitlets-5.1.1-pyhd8ed1ab_0.tar.bz2
https://conda.anaconda.org/conda-forge/noarch/typing_extensions-4.0.1-pyha770c72_0.tar.bz2
https://conda.anaconda.org/conda-forge/noarch/webencodings-0.5.1-py_1.tar.bz2
https://conda.anaconda.org/conda-forge/noarch/wheel-0.37.0-pyhd8ed1ab_1.tar.bz2
https://conda.anaconda.org/conda-forge/noarch/xyzservices-2021.11.0-pyhd8ed1ab_1.tar.bz2
https://conda.anaconda.org/conda-forge/noarch/zipp-3.6.0-pyhd8ed1ab_0.tar.bz2
https://conda.anaconda.org/conda-forge/noarch/aioitertools-0.8.0-pyhd8ed1ab_0.tar.bz2
https://conda.anaconda.org/conda-forge/linux-64/aws-c-s3-0.1.27-h4f4cd48_12.tar.bz2
https://conda.anaconda.org/conda-forge/noarch/babel-2.9.1-pyh44b312d_0.tar.bz2
https://conda.anaconda.org/conda-forge/noarch/cached-property-1.5.2-hd8ed1ab_1.tar.bz2
https://conda.anaconda.org/conda-forge/linux-64/cairo-1.16.0-ha00ac49_1009.tar.bz2
https://conda.anaconda.org/conda-forge/linux-64/certifi-2021.10.8-py39hf3d152e_1.tar.bz2
https://conda.anaconda.org/conda-forge/linux-64/cffi-1.15.0-py39h4bc2ebd_0.tar.bz2
https://conda.anaconda.org/conda-forge/linux-64/cfitsio-4.0.0-h9a35b8e_0.tar.bz2
https://conda.anaconda.org/conda-forge/linux-64/chardet-4.0.0-py39hf3d152e_2.tar.bz2
https://conda.anaconda.org/conda-forge/noarch/click-plugins-1.1.1-py_0.tar.bz2
https://conda.anaconda.org/conda-forge/noarch/cligj-0.7.2-pyhd8ed1ab_1.tar.bz2
https://conda.anaconda.org/conda-forge/linux-64/curl-7.80.0-h2574ce0_0.tar.bz2
https://conda.anaconda.org/conda-forge/linux-64/cytoolz-0.11.2-py39h3811e60_1.tar.bz2
https://conda.anaconda.org/conda-forge/linux-64/debugpy-1.5.1-py39he80948d_0.tar.bz2
https://repo.anaconda.com/pkgs/main/noarch/fasteners-0.16.3-pyhd3eb1b0_0.conda
https://conda.anaconda.org/conda-forge/linux-64/fonttools-4.28.3-py39h3811e60_0.tar.bz2
https://conda.anaconda.org/conda-forge/linux-64/frozenlist-1.2.0-py39h3811e60_1.tar.bz2
https://conda.anaconda.org/conda-forge/noarch/geopy-2.2.0-pyhd8ed1ab_0.tar.bz2
https://conda.anaconda.org/conda-forge/linux-64/greenlet-1.1.2-py39he80948d_1.tar.bz2
https://conda.anaconda.org/conda-forge/linux-64/hdf5-1.12.1-nompi_h2750804_103.tar.bz2
https://conda.anaconda.org/conda-forge/linux-64/importlib-metadata-4.8.2-py39hf3d152e_0.tar.bz2
https://conda.anaconda.org/conda-forge/noarch/importlib_resources-5.4.0-pyhd8ed1ab_0.tar.bz2
https://conda.anaconda.org/conda-forge/linux-64/jedi-0.18.1-py39hf3d152e_0.tar.bz2
https://conda.anaconda.org/conda-forge/linux-64/jupyter_core-4.9.1-py39hf3d152e_1.tar.bz2
https://conda.anaconda.org/conda-forge/linux-64/kiwisolver-1.3.2-py39h1a9c180_1.tar.bz2
https://conda.anaconda.org/conda-forge/linux-64/llvmlite-0.36.0-py39h1bbdace_0.tar.bz2
https://conda.anaconda.org/conda-forge/linux-64/markupsafe-2.0.1-py39h3811e60_1.tar.bz2
https://conda.anaconda.org/conda-forge/noarch/matplotlib-inline-0.1.3-pyhd8ed1ab_0.tar.bz2
https://conda.anaconda.org/conda-forge/linux-64/mistune-0.8.4-py39h3811e60_1005.tar.bz2
https://conda.anaconda.org/conda-forge/linux-64/msgpack-python-1.0.3-py39h1a9c180_0.tar.bz2
https://conda.anaconda.org/conda-forge/linux-64/multidict-5.2.0-py39h3811e60_1.tar.bz2
https://conda.anaconda.org/conda-forge/noarch/multipledispatch-0.6.0-py_0.tar.bz2
https://conda.anaconda.org/conda-forge/linux-64/numpy-1.21.4-py39hdbf815f_0.tar.bz2
https://conda.anaconda.org/conda-forge/noarch/packaging-21.3-pyhd8ed1ab_0.tar.bz2
https://conda.anaconda.org/conda-forge/noarch/partd-1.2.0-pyhd8ed1ab_0.tar.bz2
https://conda.anaconda.org/conda-forge/noarch/pexpect-4.8.0-pyh9f0ad1d_2.tar.bz2
https://conda.anaconda.org/conda-forge/linux-64/pillow-8.4.0-py39ha612740_0.tar.bz2
https://conda.anaconda.org/conda-forge/linux-64/postgresql-14.1-h2510834_1.tar.bz2
https://conda.anaconda.org/conda-forge/linux-64/proj-8.2.0-h277dcde_0.tar.bz2
https://conda.anaconda.org/conda-forge/linux-64/psutil-5.8.0-py39h3811e60_2.tar.bz2
https://repo.anaconda.com/pkgs/main/noarch/pyasn1-modules-0.2.8-py_0.conda
https://conda.anaconda.org/conda-forge/noarch/pyct-core-0.4.6-py_0.tar.bz2
https://conda.anaconda.org/conda-forge/linux-64/pycurl-7.44.1-py39h72e3413_1.tar.bz2
https://conda.anaconda.org/conda-forge/linux-64/pyrsistent-0.18.0-py39h3811e60_0.tar.bz2
https://conda.anaconda.org/conda-forge/linux-64/pysocks-1.7.1-py39hf3d152e_4.tar.bz2
https://conda.anaconda.org/conda-forge/noarch/python-dateutil-2.7.5-py_0.tar.bz2
https://conda.anaconda.org/conda-forge/linux-64/python-snappy-0.6.0-py39h300dd49_1.tar.bz2
https://conda.anaconda.org/conda-forge/noarch/pyu2f-0.1.5-pyhd8ed1ab_0.tar.bz2
https://conda.anaconda.org/conda-forge/noarch/pyviz_comms-2.1.0-pyhd8ed1ab_0.tar.bz2
https://conda.anaconda.org/conda-forge/linux-64/pyyaml-6.0-py39h3811e60_3.tar.bz2
https://conda.anaconda.org/conda-forge/linux-64/pyzmq-22.3.0-py39h37b5a0c_1.tar.bz2
https://conda.anaconda.org/conda-forge/noarch/retrying-1.3.3-py_2.tar.bz2
https://conda.anaconda.org/conda-forge/noarch/rsa-4.8-pyhd8ed1ab_0.tar.bz2
https://conda.anaconda.org/conda-forge/linux-64/rtree-0.9.7-py39hb102c33_3.tar.bz2
https://conda.anaconda.org/conda-forge/linux-64/ruamel.yaml.clib-0.2.6-py39h3811e60_0.tar.bz2
https://conda.anaconda.org/conda-forge/linux-64/setuptools-59.1.1-py39hf3d152e_0.tar.bz2
https://conda.anaconda.org/conda-forge/linux-64/simplejson-3.17.6-py39h3811e60_0.tar.bz2
https://conda.anaconda.org/conda-forge/linux-64/sniffio-1.2.0-py39hf3d152e_2.tar.bz2
https://conda.anaconda.org/conda-forge/linux-64/tornado-6.1-py39h3811e60_2.tar.bz2
https://conda.anaconda.org/conda-forge/noarch/tqdm-4.62.3-pyhd8ed1ab_0.tar.bz2
https://conda.anaconda.org/conda-forge/noarch/traittypes-0.2.1-pyh9f0ad1d_2.tar.bz2
https://conda.anaconda.org/conda-forge/noarch/typing-extensions-4.0.1-hd8ed1ab_0.tar.bz2
https://conda.anaconda.org/conda-forge/linux-64/websocket-client-1.2.1-py39hf3d152e_0.tar.bz2
https://conda.anaconda.org/conda-forge/linux-64/wrapt-1.13.3-py39h3811e60_1.tar.bz2
https://conda.anaconda.org/conda-forge/noarch/zict-2.0.0-py_0.tar.bz2
https://conda.anaconda.org/conda-forge/noarch/aiosignal-1.2.0-pyhd8ed1ab_0.tar.bz2
https://conda.anaconda.org/conda-forge/linux-64/anyio-3.3.4-py39hf3d152e_1.tar.bz2
https://conda.anaconda.org/conda-forge/linux-64/argon2-cffi-21.1.0-py39h3811e60_2.tar.bz2
https://conda.anaconda.org/conda-forge/noarch/async-timeout-4.0.1-pyhd8ed1ab_0.tar.bz2
https://conda.anaconda.org/conda-forge/linux-64/aws-crt-cpp-0.17.9-hc7d31a4_1.tar.bz2
https://conda.anaconda.org/conda-forge/noarch/backports.functools_lru_cache-1.6.4-pyhd8ed1ab_0.tar.bz2
https://conda.anaconda.org/conda-forge/noarch/bleach-4.1.0-pyhd8ed1ab_0.tar.bz2
https://conda.anaconda.org/conda-forge/linux-64/brotlipy-0.7.0-py39h3811e60_1003.tar.bz2
https://conda.anaconda.org/conda-forge/linux-64/cftime-1.5.1.1-py39hce5d2b2_1.tar.bz2
https://conda.anaconda.org/conda-forge/linux-64/cryptography-35.0.0-py39h95dcef6_2.tar.bz2
https://conda.anaconda.org/conda-forge/noarch/dask-core-2021.11.2-pyhd8ed1ab_0.tar.bz2
https://conda.anaconda.org/conda-forge/noarch/datashape-0.5.4-py_1.tar.bz2
https://conda.anaconda.org/conda-forge/linux-64/geotiff-1.7.0-h90a4e78_5.tar.bz2
https://conda.anaconda.org/conda-forge/linux-64/google-crc32c-1.1.2-py39hb81f231_2.tar.bz2
https://conda.anaconda.org/conda-forge/linux-64/grpcio-1.42.0-py39hff7568b_0.tar.bz2
https://conda.anaconda.org/conda-forge/linux-64/h5py-3.6.0-nompi_py39h7e08c79_100.tar.bz2
https://conda.anaconda.org/conda-forge/linux-64/imagecodecs-2021.11.20-py39h571908b_1.tar.bz2
https://conda.anaconda.org/conda-forge/noarch/imageio-2.13.2-pyh239f2a4_0.tar.bz2
https://conda.anaconda.org/conda-forge/noarch/importlib_metadata-4.8.2-hd8ed1ab_0.tar.bz2
https://conda.anaconda.org/conda-forge/noarch/jinja2-3.0.3-pyhd8ed1ab_0.tar.bz2
https://conda.anaconda.org/conda-forge/noarch/joblib-1.1.0-pyhd8ed1ab_0.tar.bz2
https://conda.anaconda.org/conda-forge/noarch/jsonschema-4.2.1-pyhd8ed1ab_0.tar.bz2
https://conda.anaconda.org/conda-forge/noarch/jupyter_client-7.0.6-pyhd8ed1ab_0.tar.bz2
https://conda.anaconda.org/conda-forge/linux-64/kealib-1.4.14-h87e4c3c_3.tar.bz2
https://conda.anaconda.org/conda-forge/linux-64/libdap4-3.20.6-hd7c4107_2.tar.bz2
https://conda.anaconda.org/conda-forge/linux-64/libnetcdf-4.8.1-nompi_hb3fd0d9_101.tar.bz2
https://conda.anaconda.org/conda-forge/linux-64/libspatialite-5.0.1-hf3ee066_12.tar.bz2
https://conda.anaconda.org/conda-forge/noarch/mako-1.1.6-pyhd8ed1ab_0.tar.bz2
https://conda.anaconda.org/conda-forge/noarch/markdown-3.3.6-pyhd8ed1ab_0.tar.bz2
https://conda.anaconda.org/conda-forge/linux-64/matplotlib-base-3.5.0-py39h2fa2bec_0.tar.bz2
https://conda.anaconda.org/conda-forge/noarch/mercantile-1.2.1-pyhd8ed1ab_0.tar.bz2
https://conda.anaconda.org/conda-forge/noarch/munch-2.5.0-py_0.tar.bz2
https://conda.anaconda.org/conda-forge/linux-64/numba-0.53.1-py39h56b8d98_1.tar.bz2
https://conda.anaconda.org/conda-forge/linux-64/numcodecs-0.9.1-py39he80948d_2.tar.bz2
https://conda.anaconda.org/conda-forge/linux-64/pandas-1.3.4-py39hde0f152_1.tar.bz2
https://conda.anaconda.org/conda-forge/noarch/pip-21.3.1-pyhd8ed1ab_0.tar.bz2
https://conda.anaconda.org/conda-forge/linux-64/poppler-21.11.0-ha39eefc_0.tar.bz2
https://conda.anaconda.org/conda-forge/linux-64/protobuf-3.18.1-py39he80948d_0.tar.bz2
https://conda.anaconda.org/conda-forge/linux-64/pydantic-1.8.2-py39h3811e60_2.tar.bz2
https://conda.anaconda.org/conda-forge/noarch/pygments-2.10.0-pyhd8ed1ab_0.tar.bz2
https://conda.anaconda.org/conda-forge/linux-64/pyproj-3.3.0-py39h1b810de_0.tar.bz2
https://conda.anaconda.org/conda-forge/linux-64/pywavelets-1.2.0-py39hce5d2b2_1.tar.bz2
https://conda.anaconda.org/conda-forge/linux-64/ruamel.yaml-0.17.17-py39h3811e60_1.tar.bz2
https://conda.anaconda.org/conda-forge/linux-64/scipy-1.7.3-py39hee8e79c_0.tar.bz2
https://conda.anaconda.org/conda-forge/linux-64/shapely-1.8.0-py39h98e2149_4.tar.bz2
https://conda.anaconda.org/conda-forge/noarch/snuggs-1.4.7-py_0.tar.bz2
https://conda.anaconda.org/conda-forge/linux-64/sqlalchemy-1.4.27-py39h3811e60_0.tar.bz2
https://conda.anaconda.org/conda-forge/linux-64/terminado-0.12.1-py39hf3d152e_1.tar.bz2
https://conda.anaconda.org/conda-forge/linux-64/tiledb-2.5.2-h2038895_0.tar.bz2
https://conda.anaconda.org/conda-forge/linux-64/yarl-1.7.2-py39h3811e60_1.tar.bz2
https://conda.anaconda.org/conda-forge/linux-64/aiohttp-3.8.1-py39h3811e60_0.tar.bz2
https://conda.anaconda.org/conda-forge/noarch/alembic-1.7.5-pyhd8ed1ab_0.tar.bz2
https://conda.anaconda.org/conda-forge/linux-64/aws-sdk-cpp-1.9.154-h77f1c7e_0.tar.bz2
https://conda.anaconda.org/conda-forge/linux-64/bokeh-2.4.2-py39hf3d152e_0.tar.bz2
https://conda.anaconda.org/conda-forge/noarch/branca-0.4.2-pyhd8ed1ab_0.tar.bz2
https://conda.anaconda.org/conda-forge/linux-64/cartopy-0.20.1-py39h8394fad_5.tar.bz2
https://conda.anaconda.org/conda-forge/noarch/descartes-1.1.0-py_4.tar.bz2
https://conda.anaconda.org/conda-forge/linux-64/distributed-2021.11.2-py39hf3d152e_0.tar.bz2
https://conda.anaconda.org/conda-forge/noarch/geopandas-base-0.10.2-pyha770c72_1.tar.bz2
https://conda.anaconda.org/conda-forge/noarch/google-resumable-media-2.1.0-pyh6c4a22f_0.tar.bz2
https://conda.anaconda.org/conda-forge/linux-64/googleapis-common-protos-1.53.0-py39hf3d152e_1.tar.bz2
https://conda.anaconda.org/conda-forge/noarch/jupyter_telemetry-0.1.0-pyhd8ed1ab_1.tar.bz2
https://conda.anaconda.org/conda-forge/noarch/jupyterlab_pygments-0.1.2-pyh9f0ad1d_0.tar.bz2
https://conda.anaconda.org/conda-forge/linux-64/libgdal-3.4.0-hbe510e8_12.tar.bz2
https://conda.anaconda.org/conda-forge/noarch/matplotlib-scalebar-0.8.0-pyhd8ed1ab_0.tar.bz2
https://conda.anaconda.org/conda-forge/noarch/morecantile-3.0.3-pyhd8ed1ab_0.tar.bz2
https://conda.anaconda.org/conda-forge/noarch/nbformat-5.1.3-pyhd8ed1ab_0.tar.bz2
https://conda.anaconda.org/conda-forge/linux-64/netcdf4-1.5.8-nompi_py39h64b754b_101.tar.bz2
https://conda.anaconda.org/conda-forge/noarch/networkx-2.6.3-pyhd8ed1ab_1.tar.bz2
https://conda.anaconda.org/conda-forge/noarch/oauthlib-3.1.1-pyhd8ed1ab_0.tar.bz2
https://conda.anaconda.org/conda-forge/noarch/patsy-0.5.2-pyhd8ed1ab_0.tar.bz2
https://conda.anaconda.org/conda-forge/noarch/pyopenssl-21.0.0-pyhd8ed1ab_0.tar.bz2
https://conda.anaconda.org/conda-forge/linux-64/scikit-learn-1.0.1-py39h4dfa638_2.tar.bz2
https://conda.anaconda.org/conda-forge/noarch/seaborn-base-0.11.2-pyhd8ed1ab_0.tar.bz2
https://conda.anaconda.org/conda-forge/noarch/tifffile-2021.11.2-pyhd8ed1ab_0.tar.bz2
https://conda.anaconda.org/conda-forge/noarch/wcwidth-0.2.5-pyh9f0ad1d_2.tar.bz2
https://conda.anaconda.org/conda-forge/noarch/xarray-0.20.1-pyhd8ed1ab_0.tar.bz2
https://conda.anaconda.org/conda-forge/noarch/zarr-2.10.3-pyhd8ed1ab_0.tar.bz2
https://conda.anaconda.org/conda-forge/linux-64/arrow-cpp-6.0.1-py39hb8c629c_3_cpu.tar.bz2
https://conda.anaconda.org/conda-forge/noarch/certipy-0.1.3-py_0.tar.bz2
https://conda.anaconda.org/conda-forge/noarch/dask-2021.11.2-pyhd8ed1ab_0.tar.bz2
https://conda.anaconda.org/conda-forge/linux-64/gdal-3.4.0-py39h0494519_12.tar.bz2
https://conda.anaconda.org/conda-forge/noarch/mapclassify-2.4.3-pyhd8ed1ab_0.tar.bz2
https://conda.anaconda.org/conda-forge/noarch/nbclient-0.5.9-pyhd8ed1ab_0.tar.bz2
https://conda.anaconda.org/conda-forge/noarch/prompt-toolkit-3.0.22-pyha770c72_0.tar.bz2
https://conda.anaconda.org/conda-forge/linux-64/rasterio-1.2.10-py39he0fb565_3.tar.bz2
https://conda.anaconda.org/conda-forge/linux-64/statsmodels-0.13.1-py39hce5d2b2_0.tar.bz2
https://conda.anaconda.org/conda-forge/noarch/urllib3-1.26.7-pyhd8ed1ab_0.tar.bz2
https://conda.anaconda.org/conda-forge/noarch/botocore-1.22.8-pyhd8ed1ab_0.tar.bz2
https://conda.anaconda.org/conda-forge/linux-64/fiona-1.8.20-py39hc5a795b_4.tar.bz2
https://conda.anaconda.org/conda-forge/linux-64/ipython-7.29.0-py39hef51801_2.tar.bz2
https://conda.anaconda.org/conda-forge/linux-64/nbconvert-6.0.7-py39hf3d152e_3.tar.bz2
https://conda.anaconda.org/conda-forge/linux-64/parquet-cpp-1.5.1-1.tar.bz2
https://conda.anaconda.org/conda-forge/noarch/requests-2.26.0-pyhd8ed1ab_0.tar.bz2
https://conda.anaconda.org/conda-forge/noarch/rio-cogeo-3.0.1-pyhd8ed1ab_0.tar.bz2
https://conda.anaconda.org/conda-forge/noarch/rioxarray-0.9.0-pyhd8ed1ab_0.tar.bz2
https://conda.anaconda.org/conda-forge/noarch/seaborn-0.11.2-hd8ed1ab_0.tar.bz2
https://conda.anaconda.org/conda-forge/noarch/aiobotocore-2.0.1-pyhd8ed1ab_0.tar.bz2
https://conda.anaconda.org/conda-forge/noarch/contextily-1.2.0-pyhd8ed1ab_0.tar.bz2
https://conda.anaconda.org/conda-forge/noarch/folium-0.12.1.post1-pyhd8ed1ab_1.tar.bz2
https://conda.anaconda.org/conda-forge/noarch/google-auth-2.3.3-pyh6c4a22f_0.tar.bz2
https://conda.anaconda.org/conda-forge/noarch/intake-0.6.4-pyhd8ed1ab_0.tar.bz2
https://conda.anaconda.org/conda-forge/linux-64/ipykernel-6.5.0-py39hef51801_1.tar.bz2
https://conda.anaconda.org/conda-forge/noarch/jupyter_server-1.11.2-pyhd8ed1ab_0.tar.bz2
https://conda.anaconda.org/conda-forge/linux-64/jupyterhub-base-1.4.2-py39hf3d152e_0.tar.bz2
https://conda.anaconda.org/conda-forge/noarch/pooch-1.5.2-pyhd8ed1ab_0.tar.bz2
https://conda.anaconda.org/conda-forge/linux-64/pyarrow-6.0.1-py39hff6fa39_3_cpu.tar.bz2
https://conda.anaconda.org/conda-forge/noarch/pyct-0.4.6-py_0.tar.bz2
https://conda.anaconda.org/conda-forge/noarch/rasterstats-0.16.0-pyhd8ed1ab_0.tar.bz2
https://conda.anaconda.org/conda-forge/noarch/requests-oauthlib-1.3.0-pyh9f0ad1d_0.tar.bz2
https://conda.anaconda.org/conda-forge/noarch/sat-stac-0.4.1-pyh44b312d_0.tar.bz2
https://conda.anaconda.org/conda-forge/noarch/colorcet-3.0.0-pyhd8ed1ab_0.tar.bz2
https://conda.anaconda.org/conda-forge/noarch/geopandas-0.10.2-pyhd8ed1ab_1.tar.bz2
https://conda.anaconda.org/conda-forge/noarch/google-api-core-2.2.2-pyhd8ed1ab_0.tar.bz2
https://conda.anaconda.org/conda-forge/noarch/google-auth-oauthlib-0.4.6-pyhd8ed1ab_0.tar.bz2
https://conda.anaconda.org/conda-forge/noarch/intake-xarray-0.5.0-pyhd8ed1ab_0.tar.bz2
https://conda.anaconda.org/conda-forge/noarch/jupyter-resource-usage-0.6.0-pyhd8ed1ab_0.tar.bz2
https://conda.anaconda.org/conda-forge/noarch/jupyter-server-proxy-3.2.0-pyhd8ed1ab_0.tar.bz2
https://conda.anaconda.org/conda-forge/noarch/jupyterlab_server-2.8.2-pyhd8ed1ab_0.tar.bz2
https://conda.anaconda.org/conda-forge/noarch/notebook-6.3.0-pyha770c72_1.tar.bz2
https://conda.anaconda.org/conda-forge/noarch/panel-0.12.4-pyhd8ed1ab_0.tar.bz2
https://conda.anaconda.org/conda-forge/noarch/s3fs-2021.11.1-pyhd8ed1ab_0.tar.bz2
https://conda.anaconda.org/conda-forge/linux-64/scikit-image-0.18.3-py39hde0f152_1.tar.bz2
https://conda.anaconda.org/conda-forge/noarch/spatialpandas-0.4.3-pyhd8ed1ab_0.tar.bz2
https://conda.anaconda.org/conda-forge/noarch/datashader-0.13.0-pyh6c4a22f_0.tar.bz2
https://conda.anaconda.org/conda-forge/noarch/google-cloud-core-2.2.1-pyh6c4a22f_0.tar.bz2
https://conda.anaconda.org/conda-forge/noarch/holoviews-1.14.6-pyhd8ed1ab_0.tar.bz2
https://conda.anaconda.org/conda-forge/noarch/intake-stac-0.3.0-py_0.tar.bz2
https://conda.anaconda.org/conda-forge/noarch/jupyter-offlinenotebook-0.2.1-pyhd8ed1ab_0.tar.bz2
https://conda.anaconda.org/conda-forge/linux-64/jupyterhub-singleuser-1.4.2-py39hf3d152e_0.tar.bz2
https://conda.anaconda.org/conda-forge/noarch/nbclassic-0.3.4-pyhd8ed1ab_0.tar.bz2
https://conda.anaconda.org/conda-forge/noarch/nbgitpuller-1.0.2-pyhd8ed1ab_0.tar.bz2
https://conda.anaconda.org/conda-forge/noarch/nteract_on_jupyter-2.1.3-py_0.tar.bz2
https://conda.anaconda.org/conda-forge/linux-64/widgetsnbextension-3.5.2-py39hf3d152e_1.tar.bz2
https://conda.anaconda.org/conda-forge/noarch/geoviews-core-1.9.2-pyha770c72_0.tar.bz2
https://conda.anaconda.org/conda-forge/noarch/google-cloud-storage-1.43.0-pyh6c4a22f_0.tar.bz2
https://conda.anaconda.org/conda-forge/noarch/hvplot-0.7.3-pyh6c4a22f_0.tar.bz2
https://conda.anaconda.org/conda-forge/noarch/ipywidgets-7.6.3-pyhd3deb0d_0.tar.bz2
https://conda.anaconda.org/conda-forge/noarch/jupyterlab-3.1.17-pyhd8ed1ab_0.tar.bz2
https://conda.anaconda.org/conda-forge/noarch/xarray-spatial-0.2.7-pyhd8ed1ab_0.tar.bz2
https://conda.anaconda.org/conda-forge/noarch/dask-labextension-5.1.0-pyhd8ed1ab_1.tar.bz2
https://conda.anaconda.org/conda-forge/noarch/gcsfs-2021.11.1-pyhd8ed1ab_0.tar.bz2
https://conda.anaconda.org/conda-forge/noarch/geoviews-1.9.2-pyhd8ed1ab_0.tar.bz2
https://conda.anaconda.org/conda-forge/noarch/ipyleaflet-0.15.0-pyhc268e32_1.tar.bz2
https://conda.anaconda.org/conda-forge/noarch/ipympl-0.8.2-pyhd8ed1ab_0.tar.bz2
